
Microsoft Visual Studio Solution File, Format Version 12.00
# Visual Studio Version 16
VisualStudioVersion = 16.0.31019.35
MinimumVisualStudioVersion = 10.0.40219.1
Project("{9A19103F-16F7-4668-BE54-9A1E7A4F7556}") = "Zinal.Modding.ThePlanetCrafter.OreExtractorFullWarning", "Zinal.Modding.ThePlanetCrafter.OreExtractorFullWarning\Zinal.Modding.ThePlanetCrafter.OreExtractorFullWarning.csproj", "{4BF0B508-3164-4EA5-9FB1-375395283D39}"
EndProject
Project("{9A19103F-16F7-4668-BE54-9A1E7A4F7556}") = "Zinal.Modding.ThePlanetCrafter.ModdingAPI", "Zinal.Modding.ThePlanetCrafter.ModdingAPI\Zinal.Modding.ThePlanetCrafter.ModdingAPI.csproj", "{8EE70F93-A46E-442F-ACF8-6FE6F20858FC}"
EndProject
Project("{9A19103F-16F7-4668-BE54-9A1E7A4F7556}") = "Zinal.Modding.ThePlanetCrafter.MultiBuild", "Zinal.Modding.ThePlanetCrafter.MultiBuild\Zinal.Modding.ThePlanetCrafter.MultiBuild.csproj", "{D2A779CC-5932-412C-91CC-9A11DDAAD098}"
EndProject
Global
	GlobalSection(SolutionConfigurationPlatforms) = preSolution
		Debug|Any CPU = Debug|Any CPU
		Release|Any CPU = Release|Any CPU
	EndGlobalSection
	GlobalSection(ProjectConfigurationPlatforms) = postSolution
		{4BF0B508-3164-4EA5-9FB1-375395283D39}.Debug|Any CPU.ActiveCfg = Debug|Any CPU
		{4BF0B508-3164-4EA5-9FB1-375395283D39}.Debug|Any CPU.Build.0 = Debug|Any CPU
		{4BF0B508-3164-4EA5-9FB1-375395283D39}.Release|Any CPU.ActiveCfg = Release|Any CPU
		{4BF0B508-3164-4EA5-9FB1-375395283D39}.Release|Any CPU.Build.0 = Release|Any CPU
		{8EE70F93-A46E-442F-ACF8-6FE6F20858FC}.Debug|Any CPU.ActiveCfg = Debug|Any CPU
		{8EE70F93-A46E-442F-ACF8-6FE6F20858FC}.Debug|Any CPU.Build.0 = Debug|Any CPU
		{8EE70F93-A46E-442F-ACF8-6FE6F20858FC}.Release|Any CPU.ActiveCfg = Release|Any CPU
		{8EE70F93-A46E-442F-ACF8-6FE6F20858FC}.Release|Any CPU.Build.0 = Release|Any CPU
		{D2A779CC-5932-412C-91CC-9A11DDAAD098}.Debug|Any CPU.ActiveCfg = Debug|Any CPU
		{D2A779CC-5932-412C-91CC-9A11DDAAD098}.Debug|Any CPU.Build.0 = Debug|Any CPU
		{D2A779CC-5932-412C-91CC-9A11DDAAD098}.Release|Any CPU.ActiveCfg = Release|Any CPU
		{D2A779CC-5932-412C-91CC-9A11DDAAD098}.Release|Any CPU.Build.0 = Release|Any CPU
	EndGlobalSection
	GlobalSection(SolutionProperties) = preSolution
		HideSolutionNode = FALSE
	EndGlobalSection
	GlobalSection(ExtensibilityGlobals) = postSolution
		SolutionGuid = {CFA5CDA7-53B0-4DBA-9E4C-BB4745CE580E}
	EndGlobalSection
EndGlobal
